
Microsoft Visual Studio Solution File, Format Version 12.00
# Visual Studio Version 17
VisualStudioVersion = 17.4.33213.308
MinimumVisualStudioVersion = 10.0.40219.1
Project("{FAE04EC0-301F-11D3-BF4B-00C04F79EFBC}") = "travellerApi", "travellerApi\travellerApi.csproj", "{53B1944E-6018-4A70-8095-315F92EE021F}"
EndProject
Global
	GlobalSection(SolutionConfigurationPlatforms) = preSolution
		Debug|Any CPU = Debug|Any CPU
		Release|Any CPU = Release|Any CPU
	EndGlobalSection
	GlobalSection(ProjectConfigurationPlatforms) = postSolution
		{53B1944E-6018-4A70-8095-315F92EE021F}.Debug|Any CPU.ActiveCfg = Debug|Any CPU
		{53B1944E-6018-4A70-8095-315F92EE021F}.Debug|Any CPU.Build.0 = Debug|Any CPU
		{53B1944E-6018-4A70-8095-315F92EE021F}.Release|Any CPU.ActiveCfg = Release|Any CPU
		{53B1944E-6018-4A70-8095-315F92EE021F}.Release|Any CPU.Build.0 = Release|Any CPU
	EndGlobalSection
	GlobalSection(SolutionProperties) = preSolution
		HideSolutionNode = FALSE
	EndGlobalSection
	GlobalSection(ExtensibilityGlobals) = postSolution
		SolutionGuid = {96DC92FB-83AD-49B3-BBDE-7AD3ADB37D4E}
	EndGlobalSection
EndGlobal
